
Microsoft Visual Studio Solution File, Format Version 12.00
# Visual Studio Version 16
VisualStudioVersion = 16.0.31205.134
MinimumVisualStudioVersion = 10.0.40219.1
Project("{FAE04EC0-301F-11D3-BF4B-00C04F79EFBC}") = "EMS", "EMS\EMS.csproj", "{FC6399B8-8520-413B-AD72-BFDEC0E68601}"
EndProject
Project("{FAE04EC0-301F-11D3-BF4B-00C04F79EFBC}") = "EMS.Entities", "EMS.Entities\EMS.Entities.csproj", "{3C776A10-8B63-4396-80F8-AD9BC5E0076B}"
EndProject
Project("{FAE04EC0-301F-11D3-BF4B-00C04F79EFBC}") = "EMS.Infrastructure", "EMS.Infrastructure\EMS.Infrastructure.csproj", "{352BB145-2437-4B1C-9AA5-D7AFA7FC9D96}"
EndProject
Global
	GlobalSection(SolutionConfigurationPlatforms) = preSolution
		Debug|Any CPU = Debug|Any CPU
		Release|Any CPU = Release|Any CPU
	EndGlobalSection
	GlobalSection(ProjectConfigurationPlatforms) = postSolution
		{FC6399B8-8520-413B-AD72-BFDEC0E68601}.Debug|Any CPU.ActiveCfg = Debug|Any CPU
		{FC6399B8-8520-413B-AD72-BFDEC0E68601}.Debug|Any CPU.Build.0 = Debug|Any CPU
		{FC6399B8-8520-413B-AD72-BFDEC0E68601}.Release|Any CPU.ActiveCfg = Release|Any CPU
		{FC6399B8-8520-413B-AD72-BFDEC0E68601}.Release|Any CPU.Build.0 = Release|Any CPU
		{3C776A10-8B63-4396-80F8-AD9BC5E0076B}.Debug|Any CPU.ActiveCfg = Debug|Any CPU
		{3C776A10-8B63-4396-80F8-AD9BC5E0076B}.Debug|Any CPU.Build.0 = Debug|Any CPU
		{3C776A10-8B63-4396-80F8-AD9BC5E0076B}.Release|Any CPU.ActiveCfg = Release|Any CPU
		{3C776A10-8B63-4396-80F8-AD9BC5E0076B}.Release|Any CPU.Build.0 = Release|Any CPU
		{352BB145-2437-4B1C-9AA5-D7AFA7FC9D96}.Debug|Any CPU.ActiveCfg = Debug|Any CPU
		{352BB145-2437-4B1C-9AA5-D7AFA7FC9D96}.Debug|Any CPU.Build.0 = Debug|Any CPU
		{352BB145-2437-4B1C-9AA5-D7AFA7FC9D96}.Release|Any CPU.ActiveCfg = Release|Any CPU
		{352BB145-2437-4B1C-9AA5-D7AFA7FC9D96}.Release|Any CPU.Build.0 = Release|Any CPU
	EndGlobalSection
	GlobalSection(SolutionProperties) = preSolution
		HideSolutionNode = FALSE
	EndGlobalSection
	GlobalSection(ExtensibilityGlobals) = postSolution
		SolutionGuid = {C0E0AF23-7D10-4E6F-9F57-E970F7C85E63}
	EndGlobalSection
EndGlobal
